
Microsoft Visual Studio Solution File, Format Version 12.00
# Visual Studio Version 17
VisualStudioVersion = 17.3.32819.101
MinimumVisualStudioVersion = 10.0.40219.1
Project("{9A19103F-16F7-4668-BE54-9A1E7A4F7556}") = "Cabinet_Library", "Lib\Cabinet_Library.csproj", "{F83C7747-8A19-4571-9A32-4852FBB6FAEC}"
EndProject
Project("{9A19103F-16F7-4668-BE54-9A1E7A4F7556}") = "App", "App\App.csproj", "{897F00D6-C08E-4B52-A5C6-7D1FDC5BB626}"
EndProject
Project("{9A19103F-16F7-4668-BE54-9A1E7A4F7556}") = "UnitTests", "Test\UnitTests.csproj", "{F6B16D46-3CAD-4ADD-B888-ED28A6530A83}"
EndProject
Global
	GlobalSection(SolutionConfigurationPlatforms) = preSolution
		Debug|Any CPU = Debug|Any CPU
		Release|Any CPU = Release|Any CPU
	EndGlobalSection
	GlobalSection(ProjectConfigurationPlatforms) = postSolution
		{F83C7747-8A19-4571-9A32-4852FBB6FAEC}.Debug|Any CPU.ActiveCfg = Debug|Any CPU
		{F83C7747-8A19-4571-9A32-4852FBB6FAEC}.Debug|Any CPU.Build.0 = Debug|Any CPU
		{F83C7747-8A19-4571-9A32-4852FBB6FAEC}.Release|Any CPU.ActiveCfg = Release|Any CPU
		{F83C7747-8A19-4571-9A32-4852FBB6FAEC}.Release|Any CPU.Build.0 = Release|Any CPU
		{897F00D6-C08E-4B52-A5C6-7D1FDC5BB626}.Debug|Any CPU.ActiveCfg = Debug|Any CPU
		{897F00D6-C08E-4B52-A5C6-7D1FDC5BB626}.Debug|Any CPU.Build.0 = Debug|Any CPU
		{897F00D6-C08E-4B52-A5C6-7D1FDC5BB626}.Release|Any CPU.ActiveCfg = Release|Any CPU
		{897F00D6-C08E-4B52-A5C6-7D1FDC5BB626}.Release|Any CPU.Build.0 = Release|Any CPU
		{F6B16D46-3CAD-4ADD-B888-ED28A6530A83}.Debug|Any CPU.ActiveCfg = Debug|Any CPU
		{F6B16D46-3CAD-4ADD-B888-ED28A6530A83}.Debug|Any CPU.Build.0 = Debug|Any CPU
		{F6B16D46-3CAD-4ADD-B888-ED28A6530A83}.Release|Any CPU.ActiveCfg = Release|Any CPU
		{F6B16D46-3CAD-4ADD-B888-ED28A6530A83}.Release|Any CPU.Build.0 = Release|Any CPU
	EndGlobalSection
	GlobalSection(SolutionProperties) = preSolution
		HideSolutionNode = FALSE
	EndGlobalSection
	GlobalSection(ExtensibilityGlobals) = postSolution
		SolutionGuid = {821E7AF7-B0B8-469C-9EC5-B00B143BC023}
	EndGlobalSection
EndGlobal
