
Microsoft Visual Studio Solution File, Format Version 12.00
# Visual Studio Version 17
VisualStudioVersion = 17.3.32819.101
MinimumVisualStudioVersion = 10.0.40219.1
Project("{FAE04EC0-301F-11D3-BF4B-00C04F79EFBC}") = "Ladeskab_test", "Ladeskab_test\Ladeskab_test.csproj", "{71A0FBAE-CA9E-4E46-9C5C-ED4F31909BD6}"
EndProject
Project("{FAE04EC0-301F-11D3-BF4B-00C04F79EFBC}") = "Ladeskab_console", "Ladeskab_console\Ladeskab_console.csproj", "{98887624-FC43-4CD0-9EDE-AA583510542B}"
EndProject
Project("{FAE04EC0-301F-11D3-BF4B-00C04F79EFBC}") = "Ladeskab_biblio", "Ladeskab_biblio\Ladeskab_biblio.csproj", "{F83C7747-8A19-4571-9A32-4852FBB6FAEC}"
EndProject
Global
	GlobalSection(SolutionConfigurationPlatforms) = preSolution
		Debug|Any CPU = Debug|Any CPU
		Release|Any CPU = Release|Any CPU
	EndGlobalSection
	GlobalSection(ProjectConfigurationPlatforms) = postSolution
		{71A0FBAE-CA9E-4E46-9C5C-ED4F31909BD6}.Debug|Any CPU.ActiveCfg = Debug|Any CPU
		{71A0FBAE-CA9E-4E46-9C5C-ED4F31909BD6}.Debug|Any CPU.Build.0 = Debug|Any CPU
		{71A0FBAE-CA9E-4E46-9C5C-ED4F31909BD6}.Release|Any CPU.ActiveCfg = Release|Any CPU
		{71A0FBAE-CA9E-4E46-9C5C-ED4F31909BD6}.Release|Any CPU.Build.0 = Release|Any CPU
		{98887624-FC43-4CD0-9EDE-AA583510542B}.Debug|Any CPU.ActiveCfg = Debug|Any CPU
		{98887624-FC43-4CD0-9EDE-AA583510542B}.Debug|Any CPU.Build.0 = Debug|Any CPU
		{98887624-FC43-4CD0-9EDE-AA583510542B}.Release|Any CPU.ActiveCfg = Release|Any CPU
		{98887624-FC43-4CD0-9EDE-AA583510542B}.Release|Any CPU.Build.0 = Release|Any CPU
		{F83C7747-8A19-4571-9A32-4852FBB6FAEC}.Debug|Any CPU.ActiveCfg = Debug|Any CPU
		{F83C7747-8A19-4571-9A32-4852FBB6FAEC}.Debug|Any CPU.Build.0 = Debug|Any CPU
		{F83C7747-8A19-4571-9A32-4852FBB6FAEC}.Release|Any CPU.ActiveCfg = Release|Any CPU
		{F83C7747-8A19-4571-9A32-4852FBB6FAEC}.Release|Any CPU.Build.0 = Release|Any CPU
	EndGlobalSection
	GlobalSection(SolutionProperties) = preSolution
		HideSolutionNode = FALSE
	EndGlobalSection
	GlobalSection(ExtensibilityGlobals) = postSolution
		SolutionGuid = {821E7AF7-B0B8-469C-9EC5-B00B143BC023}
	EndGlobalSection
EndGlobal
